
Microsoft Visual Studio Solution File, Format Version 12.00
# Visual Studio Version 17
VisualStudioVersion = 17.1.32421.90
MinimumVisualStudioVersion = 10.0.40219.1
Project("{FAE04EC0-301F-11D3-BF4B-00C04F79EFBC}") = "MiniWeb", "MiniWeb\MiniWeb.csproj", "{28FC0785-95CA-4581-8A63-369EB7A10AAE}"
EndProject
Global
	GlobalSection(SolutionConfigurationPlatforms) = preSolution
		Debug|Any CPU = Debug|Any CPU
		Release|Any CPU = Release|Any CPU
	EndGlobalSection
	GlobalSection(ProjectConfigurationPlatforms) = postSolution
		{28FC0785-95CA-4581-8A63-369EB7A10AAE}.Debug|Any CPU.ActiveCfg = Debug|Any CPU
		{28FC0785-95CA-4581-8A63-369EB7A10AAE}.Debug|Any CPU.Build.0 = Debug|Any CPU
		{28FC0785-95CA-4581-8A63-369EB7A10AAE}.Release|Any CPU.ActiveCfg = Release|Any CPU
		{28FC0785-95CA-4581-8A63-369EB7A10AAE}.Release|Any CPU.Build.0 = Release|Any CPU
	EndGlobalSection
	GlobalSection(SolutionProperties) = preSolution
		HideSolutionNode = FALSE
	EndGlobalSection
	GlobalSection(ExtensibilityGlobals) = postSolution
		SolutionGuid = {BA16625B-09A4-4B80-9184-DEA84D0817DB}
	EndGlobalSection
EndGlobal
